
Microsoft Visual Studio Solution File, Format Version 12.00
# Visual Studio Version 17
VisualStudioVersion = 17.14.37216.2 d17.14
MinimumVisualStudioVersion = 10.0.40219.1
Project("{FAE04EC0-301F-11D3-BF4B-00C04F79EFBC}") = "ProyectoAutomatas", "ProyectoAutomatas.csproj", "{2798C01E-CBFD-40C9-8789-3E1DE028AF82}"
EndProject
Global
	GlobalSection(SolutionConfigurationPlatforms) = preSolution
		Debug|Any CPU = Debug|Any CPU
		Release|Any CPU = Release|Any CPU
	EndGlobalSection
	GlobalSection(ProjectConfigurationPlatforms) = postSolution
		{2798C01E-CBFD-40C9-8789-3E1DE028AF82}.Debug|Any CPU.ActiveCfg = Debug|Any CPU
		{2798C01E-CBFD-40C9-8789-3E1DE028AF82}.Debug|Any CPU.Build.0 = Debug|Any CPU
		{2798C01E-CBFD-40C9-8789-3E1DE028AF82}.Release|Any CPU.ActiveCfg = Release|Any CPU
		{2798C01E-CBFD-40C9-8789-3E1DE028AF82}.Release|Any CPU.Build.0 = Release|Any CPU
	EndGlobalSection
	GlobalSection(SolutionProperties) = preSolution
		HideSolutionNode = FALSE
	EndGlobalSection
	GlobalSection(ExtensibilityGlobals) = postSolution
		SolutionGuid = {BF1F0B08-F063-4ACF-80A4-23A3C09EC4AF}
	EndGlobalSection
EndGlobal
